
Microsoft Visual Studio Solution File, Format Version 12.00
# Visual Studio Version 16
VisualStudioVersion = 16.0.30517.126
MinimumVisualStudioVersion = 10.0.40219.1
Project("{FAE04EC0-301F-11D3-BF4B-00C04F79EFBC}") = "ConsoleDocsvision55", "ConsoleDocsvision55\ConsoleDocsvision55.csproj", "{B04B5D21-7F7E-4A8F-807D-D681E3F9A01A}"
EndProject
Project("{FAE04EC0-301F-11D3-BF4B-00C04F79EFBC}") = "ProcessTesting", "ProcessTesting\ProcessTesting.csproj", "{39030C8E-175E-4B97-8876-5C8E1327B228}"
EndProject
Global
	GlobalSection(SolutionConfigurationPlatforms) = preSolution
		Debug|Any CPU = Debug|Any CPU
		Release|Any CPU = Release|Any CPU
	EndGlobalSection
	GlobalSection(ProjectConfigurationPlatforms) = postSolution
		{B04B5D21-7F7E-4A8F-807D-D681E3F9A01A}.Debug|Any CPU.ActiveCfg = Debug|Any CPU
		{B04B5D21-7F7E-4A8F-807D-D681E3F9A01A}.Debug|Any CPU.Build.0 = Debug|Any CPU
		{B04B5D21-7F7E-4A8F-807D-D681E3F9A01A}.Release|Any CPU.ActiveCfg = Release|Any CPU
		{B04B5D21-7F7E-4A8F-807D-D681E3F9A01A}.Release|Any CPU.Build.0 = Release|Any CPU
		{39030C8E-175E-4B97-8876-5C8E1327B228}.Debug|Any CPU.ActiveCfg = Debug|Any CPU
		{39030C8E-175E-4B97-8876-5C8E1327B228}.Debug|Any CPU.Build.0 = Debug|Any CPU
		{39030C8E-175E-4B97-8876-5C8E1327B228}.Release|Any CPU.ActiveCfg = Release|Any CPU
		{39030C8E-175E-4B97-8876-5C8E1327B228}.Release|Any CPU.Build.0 = Release|Any CPU
	EndGlobalSection
	GlobalSection(SolutionProperties) = preSolution
		HideSolutionNode = FALSE
	EndGlobalSection
	GlobalSection(ExtensibilityGlobals) = postSolution
		SolutionGuid = {C8031064-D6E4-4B7B-9204-EF4B9A77D44A}
	EndGlobalSection
EndGlobal
